Microsoft Visual Studio Solution File, Format Version 12.00
# Visual Studio Version 17
VisualStudioVersion = 17.5.2.0
MinimumVisualStudioVersion = 10.0.40219.1
Project("{2150E333-8FDC-42A3-9474-1A3956D46DE8}") = "ApiIntigration", "ApiIntigration", "{6F011C9B-EF04-3143-783E-EE7AE7BA4E0A}"
EndProject
Project("{FAE04EC0-301F-11D3-BF4B-00C04F79EFBC}") = "DotnetWebApi", "ApiIntigration\DotnetWebApi\DotnetWebApi.csproj", "{494F7BDC-77B3-8971-AF48-6B72B92F96FF}"
EndProject
Global
	GlobalSection(SolutionConfigurationPlatforms) = preSolution
		Debug|Any CPU = Debug|Any CPU
		Release|Any CPU = Release|Any CPU
	EndGlobalSection
	GlobalSection(ProjectConfigurationPlatforms) = postSolution
		{494F7BDC-77B3-8971-AF48-6B72B92F96FF}.Debug|Any CPU.ActiveCfg = Debug|Any CPU
		{494F7BDC-77B3-8971-AF48-6B72B92F96FF}.Debug|Any CPU.Build.0 = Debug|Any CPU
		{494F7BDC-77B3-8971-AF48-6B72B92F96FF}.Release|Any CPU.ActiveCfg = Release|Any CPU
		{494F7BDC-77B3-8971-AF48-6B72B92F96FF}.Release|Any CPU.Build.0 = Release|Any CPU
	EndGlobalSection
	GlobalSection(SolutionProperties) = preSolution
		HideSolutionNode = FALSE
	EndGlobalSection
	GlobalSection(NestedProjects) = preSolution
		{494F7BDC-77B3-8971-AF48-6B72B92F96FF} = {6F011C9B-EF04-3143-783E-EE7AE7BA4E0A}
	EndGlobalSection
	GlobalSection(ExtensibilityGlobals) = postSolution
		SolutionGuid = {DC4CCBD0-A84D-4702-8784-4ED71D76C373}
	EndGlobalSection
EndGlobal
